// !$*UTF8*$!
{
	archiveVersion = 1;
	classes = {
	};
	objectVersion = 46;
	objects = {
/* Begin PBXBuildFile section */
		0207DA581B56EA530066E2B4 /* Images.xcassets in Resources */ = {isa = PBXBuildFile; fileRef = 0207DA571B56EA530066E2B4 /* Images.xcassets */; };
		1D3623260D0F684500981E51 /* AppDelegate.m in Sources */ = {isa = PBXBuildFile; fileRef = 1D3623250D0F684500981E51 /* AppDelegate.m */; };
		1D60589B0D05DD56006BFB54 /* main.m in Sources */ = {isa = PBXBuildFile; fileRef = 29B97316FDCFA39411CA2CEA /* main.m */; };
		301BF552109A68D80062928A /* libCordova.a in Frameworks */ = {isa = PBXBuildFile; fileRef = 301BF535109A57CC0062928A /* libCordova.a */; };
		302D95F114D2391D003F00A1 /* MainViewController.m in Sources */ = {isa = PBXBuildFile; fileRef = 302D95EF14D2391D003F00A1 /* MainViewController.m */; };
		302D95F214D2391D003F00A1 /* MainViewController.xib in Resources */ = {isa = PBXBuildFile; fileRef = 302D95F014D2391D003F00A1 /* MainViewController.xib */; };
		3047A5121AB8059700498E2A /* build-debug.xcconfig in Resources */ = {isa = PBXBuildFile; fileRef = 3047A50F1AB8059700498E2A /* build-debug.xcconfig */; };
		3047A5131AB8059700498E2A /* build-release.xcconfig in Resources */ = {isa = PBXBuildFile; fileRef = 3047A5101AB8059700498E2A /* build-release.xcconfig */; };
		3047A5141AB8059700498E2A /* build.xcconfig in Resources */ = {isa = PBXBuildFile; fileRef = 3047A5111AB8059700498E2A /* build.xcconfig */; };
		852D3456ABFA4CC890BC57E1 /* CDVPluginExt.m in Sources */ = {isa = PBXBuildFile; fileRef = 7D008596A04C4F4A9B6BD30A /* CDVPluginExt.m */; };
		1270AA7779C2471990ADFB83 /* libCordovaGenericAd.a in Frameworks */ = {isa = PBXBuildFile; fileRef = 9BDBD36C6B6449769ACA0997 /* libCordovaGenericAd.a */; };
		A21774279B5B4F3A93B1F6D0 /* CFNetwork.framework in Frameworks */ = {isa = PBXBuildFile; fileRef = AEEDE68D4BDA482B96C95EB6 /* CFNetwork.framework */; };
		D30BCD397CF644FD8D1C109E /* CDVAdMobPlugin.m in Sources */ = {isa = PBXBuildFile; fileRef = 255B9DEE51714D8BAE7D1F5B /* CDVAdMobPlugin.m */; };
		19B5C0D3ABA74849B459606F /* AdMobMediation.m in Sources */ = {isa = PBXBuildFile; fileRef = 73409B5C38B341C98F5808E6 /* AdMobMediation.m */; };
		57AA4F7147BC46E793B6D3C3 /* GoogleMobileAds.framework in Frameworks */ = {isa = PBXBuildFile; fileRef = A21B0EAF87BA40069BEFC534 /* GoogleMobileAds.framework */; };
		6BCB3919BB85409BBD5A6AC2 /* AdSupport.framework in Frameworks */ = {isa = PBXBuildFile; fileRef = 79C81AE16BFD409BAA16D4A0 /* AdSupport.framework */; };
		56EF0A9E3E754E7897D45D85 /* AudioToolbox.framework in Frameworks */ = {isa = PBXBuildFile; fileRef = 74B105432AF646C2ADD75306 /* AudioToolbox.framework */; };
		4F68E039A8994CDF92BB1B4E /* AVFoundation.framework in Frameworks */ = {isa = PBXBuildFile; fileRef = FDCB2589E669465EAD1651BB /* AVFoundation.framework */; };
		855CD9E94E14447C8B41B619 /* CoreBluetooth.framework in Frameworks */ = {isa = PBXBuildFile; fileRef = 8EC3F7B5FD514192A1640961 /* CoreBluetooth.framework */; };
		7D8465C7F9F349F78AE382D6 /* CoreLocation.framework in Frameworks */ = {isa = PBXBuildFile; fileRef = AAE28489712E4925BD67DDA4 /* CoreLocation.framework */; };
		0C83F9225066449F840A8D08 /* CoreTelephony.framework in Frameworks */ = {isa = PBXBuildFile; fileRef = 8E28123EE29844C49DA768E8 /* CoreTelephony.framework */; };
		E8E87DF73BCD4407BB0D51B8 /* EventKit.framework in Frameworks */ = {isa = PBXBuildFile; fileRef = BA2957ED89EB4E6EB1320DF4 /* EventKit.framework */; };
		CED5E63C0A604F6987A6FE5B /* EventKitUI.framework in Frameworks */ = {isa = PBXBuildFile; fileRef = 4E3198984C664EC1ADBE1A75 /* EventKitUI.framework */; };
		66449AC4A6A6493AAA9D2B39 /* Foundation.framework in Frameworks */ = {isa = PBXBuildFile; fileRef = 179FC65BCDF247E8B8E5711F /* Foundation.framework */; };
		B846D6706B1C4B46B0D9D1E4 /* MediaPlayer.framework in Frameworks */ = {isa = PBXBuildFile; fileRef = 67CF5BD31183468B9C041D73 /* MediaPlayer.framework */; };
		6BC56407983A4CDAAC72CBC0 /* MessageUI.framework in Frameworks */ = {isa = PBXBuildFile; fileRef = 513C926123F54940BF300596 /* MessageUI.framework */; };
		7DE81C28787C4E5A82E917C8 /* QuartzCore.framework in Frameworks */ = {isa = PBXBuildFile; fileRef = 55C8A67FAA4C4478BAF3AAF9 /* QuartzCore.framework */; };
		D9A80971FF114A9BA89D1215 /* SafariServices.framework in Frameworks */ = {isa = PBXBuildFile; fileRef = 073C59DD3511493D9D285BDF /* SafariServices.framework */; };
		42165C13E9DA41E5B95FC657 /* StoreKit.framework in Frameworks */ = {isa = PBXBuildFile; fileRef = 66BCE62281A94623BD059A40 /* StoreKit.framework */; };
		AC2D26C3988841DC952B24D2 /* SystemConfiguration.framework in Frameworks */ = {isa = PBXBuildFile; fileRef = 9E173253927248399F182DB8 /* SystemConfiguration.framework */; };
		ADFD51FAFA984CA99217542D /* UIKit.framework in Frameworks */ = {isa = PBXBuildFile; fileRef = 3EC671D24E4946099A07E8B2 /* UIKit.framework */; };
		FF890F74B7A247158D940D0C /* AppPreferences.m in Sources */ = {isa = PBXBuildFile; fileRef = C0709B065FB64143997523B9 /* AppPreferences.m */; };
		4B4E27EC4915488F85200603 /* CDVNotification.m in Sources */ = {isa = PBXBuildFile; fileRef = AA506A2C2A394B258FF16DF1 /* CDVNotification.m */; };
		E3A9BABC54F24000A2C0FBCB /* CDVNotification.bundle in Resources */ = {isa = PBXBuildFile; fileRef = F28BAD67BF2E4AD38210FF07 /* CDVNotification.bundle */; };
		E7304572955D4BA79CDD2D11 /* CDVGlobalization.m in Sources */ = {isa = PBXBuildFile; fileRef = FF623483F9F64974A4BDB789 /* CDVGlobalization.m */; };
		75445B0A5534421EBC21EFE8 /* CDVInAppBrowser.m in Sources */ = {isa = PBXBuildFile; fileRef = F3602782D1C64A46B7328298 /* CDVInAppBrowser.m */; };
		1B3E5C12A7FF4AA0B1FFF47D /* CDVAppRate.m in Sources */ = {isa = PBXBuildFile; fileRef = C9C03A21D8034FA5A6C87342 /* CDVAppRate.m */; };
		FABDADB4317D49B8A842F799 /* UIImage+CropScaleOrientation.m in Sources */ = {isa = PBXBuildFile; fileRef = 0EC3742692D547478F230839 /* UIImage+CropScaleOrientation.m */; };
		C7F50D311DCB4D91A1BD502E /* CDVCamera.m in Sources */ = {isa = PBXBuildFile; fileRef = 9808F74F215C4459884658F3 /* CDVCamera.m */; };
		51E74E29458C445BBF732F58 /* CDVJpegHeaderWriter.m in Sources */ = {isa = PBXBuildFile; fileRef = 0122A54A81524DA2A453DDBE /* CDVJpegHeaderWriter.m */; };
		2F0FA387A1504F4193EB584E /* ImageIO.framework in Frameworks */ = {isa = PBXBuildFile; fileRef = CEA0F05270B24F3CAEBB3AA9 /* ImageIO.framework */; settings = {ATTRIBUTES = (Weak, ); }; };
		4D53FCC7BB31456C93793CDF /* CDVLogger.m in Sources */ = {isa = PBXBuildFile; fileRef = 38D48FE2391245538142987F /* CDVLogger.m */; };
		841A6163BA8A4DFDB4F14922 /* CDVDevice.m in Sources */ = {isa = PBXBuildFile; fileRef = A20C9D71E21943AEB665C78F /* CDVDevice.m */; };
		D2AE5042DED847DCAA96E97D /* APPEmailComposer.m in Sources */ = {isa = PBXBuildFile; fileRef = 5A33DE4F5AC540FAA50D883D /* APPEmailComposer.m */; };
		966D734C0D8A4426B097706D /* APPEmailComposerImpl.m in Sources */ = {isa = PBXBuildFile; fileRef = FC0B409325D749C39A86F463 /* APPEmailComposerImpl.m */; };
		7FF76C594C534929951ADF56 /* CDVFile.m in Sources */ = {isa = PBXBuildFile; fileRef = 7B7FB7E544054D878F2A7685 /* CDVFile.m */; };
		1ED737E0B22D4CF684E45833 /* CDVLocalFilesystem.m in Sources */ = {isa = PBXBuildFile; fileRef = 70A944352CF24655BD16B09B /* CDVLocalFilesystem.m */; };
		F118B372E0704E91B76219A3 /* CDVAssetLibraryFilesystem.m in Sources */ = {isa = PBXBuildFile; fileRef = 264F9DF1B0754215B19222B0 /* CDVAssetLibraryFilesystem.m */; };
		6CA22068427F4BE39CE20930 /* SOSPicker.m in Sources */ = {isa = PBXBuildFile; fileRef = 40948C85246C4BFB9BFC92C4 /* SOSPicker.m */; };
		49A3EFEED170472CB04DEFCC /* ELCAlbumPickerController.m in Sources */ = {isa = PBXBuildFile; fileRef = 8190090E0FF341AB93071B50 /* ELCAlbumPickerController.m */; };
		68115690442C440695D4E835 /* ELCAsset.m in Sources */ = {isa = PBXBuildFile; fileRef = ECB30888B27343B7ABF686D0 /* ELCAsset.m */; };
		4DF07E9999304004A101EA99 /* ELCAssetCell.m in Sources */ = {isa = PBXBuildFile; fileRef = 9140BF786D9B498BAF64E29C /* ELCAssetCell.m */; };
		4A2C74576A9C48AEA481FA7A /* ELCAssetTablePicker.m in Sources */ = {isa = PBXBuildFile; fileRef = 255A47A14D084E8EBF5B24A4 /* ELCAssetTablePicker.m */; };
		DFD754CE8D8D47EB9136F7E5 /* ELCImagePickerController.m in Sources */ = {isa = PBXBuildFile; fileRef = 43059C02B9AC48FE8F57586D /* ELCImagePickerController.m */; };
		8775D32B08E4407CA033BC4D /* ELCAlbumPickerController.xib in Resources */ = {isa = PBXBuildFile; fileRef = 79AFE175FB1A450688281ED7 /* ELCAlbumPickerController.xib */; };
		F8C6E48DDE4E48C0BBAB798E /* ELCAssetPicker.xib in Resources */ = {isa = PBXBuildFile; fileRef = 2FCC567593FB4E55B76D60AA /* ELCAssetPicker.xib */; };
		35FCE9AE49E0470390417B9A /* ELCAssetTablePicker.xib in Resources */ = {isa = PBXBuildFile; fileRef = 8037BE4552E646C8817C9110 /* ELCAssetTablePicker.xib */; };
		62AC644E48064BE8BBEACA56 /* Overlay.png in Resources */ = {isa = PBXBuildFile; fileRef = 3B4BE752C0EE4E199B455F14 /* Overlay.png */; };
		31A553A7B628492AAEBE06DC /* Overlay@2x.png in Resources */ = {isa = PBXBuildFile; fileRef = D2C3A0EFE32B41F79428CD5C /* Overlay@2x.png */; };
		CEAAF8473BCC4AC7A9F9C224 /* InstagramAssetsPicker.m in Sources */ = {isa = PBXBuildFile; fileRef = F99AB54D2353490BBD351F36 /* InstagramAssetsPicker.m */; };
		275A358297B241698D318F94 /* IGAssetsCollectionViewCell.m in Sources */ = {isa = PBXBuildFile; fileRef = B63097D492B64DC4BC53E963 /* IGAssetsCollectionViewCell.m */; };
		CB09EFC899AB47808AF23DA9 /* IGAssetsPickerViewController.m in Sources */ = {isa = PBXBuildFile; fileRef = 18DF7A510F774B90B40FC9A9 /* IGAssetsPickerViewController.m */; };
		04459E23EDD04832968A6D57 /* IGCropView.m in Sources */ = {isa = PBXBuildFile; fileRef = 42886A108E76425FBDD704E8 /* IGCropView.m */; };
		AD8092D946434B33B18189F9 /* libGPUImage.a in Frameworks */ = {isa = PBXBuildFile; fileRef = A2E47361CDCF4557A5527FBF /* libGPUImage.a */; };
		27C7363DFD1B48CE996E654B /* InstagramAssetsPicker.bundle in Resources */ = {isa = PBXBuildFile; fileRef = 26F29736D29847D28B5EFCA0 /* InstagramAssetsPicker.bundle */; };
		68D70E7DE8DD4389AD7F35E2 /* Photos.framework in Frameworks */ = {isa = PBXBuildFile; fileRef = C0365140C3834D769F21EA39 /* Photos.framework */; };
		28079E1DA0E5471590C6600E /* CoreMedia.framework in Frameworks */ = {isa = PBXBuildFile; fileRef = 09360F51785E486E91151782 /* CoreMedia.framework */; };
		2108BE16CC344D048D786086 /* OpenGLES.framework in Frameworks */ = {isa = PBXBuildFile; fileRef = 255ADE1DBA054425A7A4195D /* OpenGLES.framework */; };
		33AD24DA4238431D88C1CF43 /* GPUImageHeaders in Resources */ = {isa = PBXBuildFile; fileRef = 2FD1AAAEC51F46F19358F77A /* GPUImageHeaders */; };
		3B548316FE834A6F84A72F10 /* CDVCapture.m in Sources */ = {isa = PBXBuildFile; fileRef = 7F3D86820D124B009E3CDD6A /* CDVCapture.m */; };
		A7D607A081324DC2816B7E81 /* CDVCapture.bundle in Resources */ = {isa = PBXBuildFile; fileRef = 3A3B19284CFB4B3E8099B659 /* CDVCapture.bundle */; };
		8980A53ABD8646479C2F35CA /* VideoEditor.m in Sources */ = {isa = PBXBuildFile; fileRef = 7BE0B045FC7A412CB68D25A3 /* VideoEditor.m */; };
		214417AFDDC14930B3A148E5 /* SDAVAssetExportSession.m in Sources */ = {isa = PBXBuildFile; fileRef = 561A7734A68F47259E2499C7 /* SDAVAssetExportSession.m */; };
		5CE9D203D2AA4D5380FC88FF /* CoreVideo.framework in Frameworks */ = {isa = PBXBuildFile; fileRef = EBCE65009C174C67AAF1EE41 /* CoreVideo.framework */; };
		3380518D7D4B4DA3840F8DFD /* NSString+URLEncoding.m in Sources */ = {isa = PBXBuildFile; fileRef = 345BB6E053574225B589B5FC /* NSString+URLEncoding.m */; };
		63655CA3379F4BCFBB6286EC /* SocialSharing.m in Sources */ = {isa = PBXBuildFile; fileRef = 0B956B1AAC734E5D8A63FC05 /* SocialSharing.m */; };
		03CD3A2F8C7F48F2A5DEF847 /* Social.framework in Frameworks */ = {isa = PBXBuildFile; fileRef = 155A5435515343F2BAC82231 /* Social.framework */; settings = {ATTRIBUTES = (Weak, ); }; };
		8E69B0D20CB544D0B2EBACB8 /* IonicKeyboard.m in Sources */ = {isa = PBXBuildFile; fileRef = 057F1D740292441A97AF88ED /* IonicKeyboard.m */; };
		98BD2304EEE245E885E720F2 /* Settings.bundle in Resources */ = {isa = PBXBuildFile; fileRef = 5CA53ABEF8EF4A60A3A964C5 /* Settings.bundle */; };
/* End PBXBuildFile section */

/* Begin PBXContainerItemProxy section */
		301BF534109A57CC0062928A /* PBXContainerItemProxy */ = {
			isa = PBXContainerItemProxy;
			containerPortal = 301BF52D109A57CC0062928A /* CordovaLib.xcodeproj */;
			proxyType = 2;
			remoteGlobalIDString = D2AAC07E0554694100DB518D;
			remoteInfo = CordovaLib;
		};
		301BF550109A68C00062928A /* PBXContainerItemProxy */ = {
			isa = PBXContainerItemProxy;
			containerPortal = 301BF52D109A57CC0062928A /* CordovaLib.xcodeproj */;
			proxyType = 1;
			remoteGlobalIDString = D2AAC07D0554694100DB518D;
			remoteInfo = CordovaLib;
		};
/* End PBXContainerItemProxy section */

/* Begin PBXFileReference section */
		0207DA571B56EA530066E2B4 /* Images.xcassets */ = {isa = PBXFileReference; lastKnownFileType = folder.assetcatalog; name = Images.xcassets; path = "Gifin/Images.xcassets"; sourceTree = SOURCE_ROOT; };
		1D3623240D0F684500981E51 /* AppDelegate.h */ = {isa = PBXFileReference; fileEncoding = 4; lastKnownFileType = sourcecode.c.h; path = AppDelegate.h; sourceTree = "<group>"; };
		1D3623250D0F684500981E51 /* AppDelegate.m */ = {isa = PBXFileReference; fileEncoding = 4; lastKnownFileType = sourcecode.c.objc; path = AppDelegate.m; sourceTree = "<group>"; };
		1D6058910D05DD3D006BFB54 /* Gifin.app */ = {isa = PBXFileReference; explicitFileType = wrapper.application; includeInIndex = 0; path = "Gifin.app"; sourceTree = BUILT_PRODUCTS_DIR; };
		29B97316FDCFA39411CA2CEA /* main.m */ = {isa = PBXFileReference; fileEncoding = 4; lastKnownFileType = sourcecode.c.objc; path = main.m; sourceTree = "<group>"; };
		301BF52D109A57CC0062928A /* CordovaLib.xcodeproj */ = {isa = PBXFileReference; lastKnownFileType = "wrapper.pb-project"; name = CordovaLib.xcodeproj; path = CordovaLib/CordovaLib.xcodeproj; sourceTree = "<group>"; };
		301BF56E109A69640062928A /* www */ = {isa = PBXFileReference; lastKnownFileType = folder; path = www; sourceTree = SOURCE_ROOT; };
		302D95EE14D2391D003F00A1 /* MainViewController.h */ = {isa = PBXFileReference; fileEncoding = 4; lastKnownFileType = sourcecode.c.h; path = MainViewController.h; sourceTree = "<group>"; };
		302D95EF14D2391D003F00A1 /* MainViewController.m */ = {isa = PBXFileReference; fileEncoding = 4; lastKnownFileType = sourcecode.c.objc; path = MainViewController.m; sourceTree = "<group>"; };
		302D95F014D2391D003F00A1 /* MainViewController.xib */ = {isa = PBXFileReference; fileEncoding = 4; lastKnownFileType = file.xib; path = MainViewController.xib; sourceTree = "<group>"; };
		3047A50F1AB8059700498E2A /* build-debug.xcconfig */ = {isa = PBXFileReference; fileEncoding = 4; lastKnownFileType = text.xcconfig; name = "build-debug.xcconfig"; path = cordova/build-debug.xcconfig; sourceTree = SOURCE_ROOT; };
		3047A5101AB8059700498E2A /* build-release.xcconfig */ = {isa = PBXFileReference; fileEncoding = 4; lastKnownFileType = text.xcconfig; name = "build-release.xcconfig"; path = cordova/build-release.xcconfig; sourceTree = SOURCE_ROOT; };
		3047A5111AB8059700498E2A /* build.xcconfig */ = {isa = PBXFileReference; fileEncoding = 4; lastKnownFileType = text.xcconfig; name = build.xcconfig; path = cordova/build.xcconfig; sourceTree = SOURCE_ROOT; };
		32CA4F630368D1EE00C91783 /* Gifin-Prefix.pch */ = {isa = PBXFileReference; fileEncoding = 4; lastKnownFileType = sourcecode.c.h; path = "Gifin-Prefix.pch"; sourceTree = "<group>"; };
		8D1107310486CEB800E47090 /* Gifin-Info.plist */ = {isa = PBXFileReference; fileEncoding = 4; lastKnownFileType = text.plist.xml; name = "Gifin-Info.plist"; path = "Gifin/Gifin-Info.plist"; plistStructureDefinitionIdentifier = "com.apple.xcode.plist.structure-definition.iphone.info-plist"; sourceTree = SOURCE_ROOT; };
		EB87FDF31871DA8E0020F90C /* www */ = {isa = PBXFileReference; lastKnownFileType = folder; name = www; path = ../../www; sourceTree = "<group>"; };
		EB87FDF41871DAF40020F90C /* config.xml */ = {isa = PBXFileReference; lastKnownFileType = text.xml; name = config.xml; path = ../../config.xml; sourceTree = "<group>"; };
		F840E1F0165FE0F500CFE078 /* config.xml */ = {isa = PBXFileReference; lastKnownFileType = text.xml; name = config.xml; path = "Gifin/config.xml"; sourceTree = "<group>"; };
		ED33DF2A687741AEAF9F8254 /* Bridging-Header.h */ = {isa = PBXFileReference; fileEncoding = 4; lastKnownFileType = sourcecode.c.h; name = "Bridging-Header.h"; path = "Bridging-Header.h"; sourceTree = "<group>"; };
		7D008596A04C4F4A9B6BD30A /* CDVPluginExt.m */ = {isa = PBXFileReference; name = "CDVPluginExt.m"; path = "cordova-plugin-extension/CDVPluginExt.m"; sourceTree = "<group>"; fileEncoding = 4; lastKnownFileType = sourcecode.c.objc; explicitFileType = undefined; includeInIndex = 0; };
		9BDBD36C6B6449769ACA0997 /* libCordovaGenericAd.a */ = {isa = PBXFileReference; name = "libCordovaGenericAd.a"; path = "Gifin/Plugins/cordova-plugin-extension/libCordovaGenericAd.a"; sourceTree = "<group>"; fileEncoding = undefined; lastKnownFileType = archive.ar; explicitFileType = undefined; includeInIndex = 0; };
		2DDD59E693104F55BFF56127 /* PluginAdapterDelegate.h */ = {isa = PBXFileReference; name = "PluginAdapterDelegate.h"; path = "cordova-plugin-extension/PluginAdapterDelegate.h"; sourceTree = "<group>"; fileEncoding = 4; lastKnownFileType = sourcecode.c.h; explicitFileType = undefined; includeInIndex = 0; };
		2C8CE2944014423990331D5E /* CDVPluginExt.h */ = {isa = PBXFileReference; name = "CDVPluginExt.h"; path = "cordova-plugin-extension/CDVPluginExt.h"; sourceTree = "<group>"; fileEncoding = 4; lastKnownFileType = sourcecode.c.h; explicitFileType = undefined; includeInIndex = 0; };
		D197E9C890BA4975B3D5D516 /* GenericAdPlugin.h */ = {isa = PBXFileReference; name = "GenericAdPlugin.h"; path = "cordova-plugin-extension/GenericAdPlugin.h"; sourceTree = "<group>"; fileEncoding = 4; lastKnownFileType = sourcecode.c.h; explicitFileType = undefined; includeInIndex = 0; };
		AEEDE68D4BDA482B96C95EB6 /* CFNetwork.framework */ = {isa = PBXFileReference; name = "CFNetwork.framework"; path = "System/Library/Frameworks/CFNetwork.framework"; sourceTree = SDKROOT; fileEncoding = undefined; lastKnownFileType = wrapper.framework; explicitFileType = undefined; includeInIndex = 0; };
		255B9DEE51714D8BAE7D1F5B /* CDVAdMobPlugin.m */ = {isa = PBXFileReference; name = "CDVAdMobPlugin.m"; path = "cordova-plugin-admobpro/CDVAdMobPlugin.m"; sourceTree = "<group>"; fileEncoding = 4; lastKnownFileType = sourcecode.c.objc; explicitFileType = undefined; includeInIndex = 0; };
		73409B5C38B341C98F5808E6 /* AdMobMediation.m */ = {isa = PBXFileReference; name = "AdMobMediation.m"; path = "cordova-plugin-admobpro/AdMobMediation.m"; sourceTree = "<group>"; fileEncoding = 4; lastKnownFileType = sourcecode.c.objc; explicitFileType = undefined; includeInIndex = 0; };
		7360580F8117437E8764796D /* CDVAdMobPlugin.h */ = {isa = PBXFileReference; name = "CDVAdMobPlugin.h"; path = "cordova-plugin-admobpro/CDVAdMobPlugin.h"; sourceTree = "<group>"; fileEncoding = 4; lastKnownFileType = sourcecode.c.h; explicitFileType = undefined; includeInIndex = 0; };
		D986243FB6AA465DA0A2AB4D /* AdMobMediation.h */ = {isa = PBXFileReference; name = "AdMobMediation.h"; path = "cordova-plugin-admobpro/AdMobMediation.h"; sourceTree = "<group>"; fileEncoding = 4; lastKnownFileType = sourcecode.c.h; explicitFileType = undefined; includeInIndex = 0; };
		A21B0EAF87BA40069BEFC534 /* GoogleMobileAds.framework */ = {isa = PBXFileReference; name = "GoogleMobileAds.framework"; path = "Gifin/Plugins/cordova-plugin-admobpro/GoogleMobileAds.framework"; sourceTree = "<group>"; fileEncoding = undefined; lastKnownFileType = wrapper.framework; explicitFileType = undefined; includeInIndex = 0; };
		79C81AE16BFD409BAA16D4A0 /* AdSupport.framework */ = {isa = PBXFileReference; name = "AdSupport.framework"; path = "System/Library/Frameworks/AdSupport.framework"; sourceTree = SDKROOT; fileEncoding = undefined; lastKnownFileType = wrapper.framework; explicitFileType = undefined; includeInIndex = 0; };
		74B105432AF646C2ADD75306 /* AudioToolbox.framework */ = {isa = PBXFileReference; name = "AudioToolbox.framework"; path = "System/Library/Frameworks/AudioToolbox.framework"; sourceTree = SDKROOT; fileEncoding = undefined; lastKnownFileType = wrapper.framework; explicitFileType = undefined; includeInIndex = 0; };
		FDCB2589E669465EAD1651BB /* AVFoundation.framework */ = {isa = PBXFileReference; name = "AVFoundation.framework"; path = "System/Library/Frameworks/AVFoundation.framework"; sourceTree = SDKROOT; fileEncoding = undefined; lastKnownFileType = wrapper.framework; explicitFileType = undefined; includeInIndex = 0; };
		8EC3F7B5FD514192A1640961 /* CoreBluetooth.framework */ = {isa = PBXFileReference; name = "CoreBluetooth.framework"; path = "System/Library/Frameworks/CoreBluetooth.framework"; sourceTree = SDKROOT; fileEncoding = undefined; lastKnownFileType = wrapper.framework; explicitFileType = undefined; includeInIndex = 0; };
		AAE28489712E4925BD67DDA4 /* CoreLocation.framework */ = {isa = PBXFileReference; name = "CoreLocation.framework"; path = "System/Library/Frameworks/CoreLocation.framework"; sourceTree = SDKROOT; fileEncoding = undefined; lastKnownFileType = wrapper.framework; explicitFileType = undefined; includeInIndex = 0; };
		8E28123EE29844C49DA768E8 /* CoreTelephony.framework */ = {isa = PBXFileReference; name = "CoreTelephony.framework"; path = "System/Library/Frameworks/CoreTelephony.framework"; sourceTree = SDKROOT; fileEncoding = undefined; lastKnownFileType = wrapper.framework; explicitFileType = undefined; includeInIndex = 0; };
		BA2957ED89EB4E6EB1320DF4 /* EventKit.framework */ = {isa = PBXFileReference; name = "EventKit.framework"; path = "System/Library/Frameworks/EventKit.framework"; sourceTree = SDKROOT; fileEncoding = undefined; lastKnownFileType = wrapper.framework; explicitFileType = undefined; includeInIndex = 0; };
		4E3198984C664EC1ADBE1A75 /* EventKitUI.framework */ = {isa = PBXFileReference; name = "EventKitUI.framework"; path = "System/Library/Frameworks/EventKitUI.framework"; sourceTree = SDKROOT; fileEncoding = undefined; lastKnownFileType = wrapper.framework; explicitFileType = undefined; includeInIndex = 0; };
		179FC65BCDF247E8B8E5711F /* Foundation.framework */ = {isa = PBXFileReference; name = "Foundation.framework"; path = "System/Library/Frameworks/Foundation.framework"; sourceTree = SDKROOT; fileEncoding = undefined; lastKnownFileType = wrapper.framework; explicitFileType = undefined; includeInIndex = 0; };
		67CF5BD31183468B9C041D73 /* MediaPlayer.framework */ = {isa = PBXFileReference; name = "MediaPlayer.framework"; path = "System/Library/Frameworks/MediaPlayer.framework"; sourceTree = SDKROOT; fileEncoding = undefined; lastKnownFileType = wrapper.framework; explicitFileType = undefined; includeInIndex = 0; };
		513C926123F54940BF300596 /* MessageUI.framework */ = {isa = PBXFileReference; name = "MessageUI.framework"; path = "System/Library/Frameworks/MessageUI.framework"; sourceTree = SDKROOT; fileEncoding = undefined; lastKnownFileType = wrapper.framework; explicitFileType = undefined; includeInIndex = 0; };
		55C8A67FAA4C4478BAF3AAF9 /* QuartzCore.framework */ = {isa = PBXFileReference; name = "QuartzCore.framework"; path = "System/Library/Frameworks/QuartzCore.framework"; sourceTree = SDKROOT; fileEncoding = undefined; lastKnownFileType = wrapper.framework; explicitFileType = undefined; includeInIndex = 0; };
		073C59DD3511493D9D285BDF /* SafariServices.framework */ = {isa = PBXFileReference; name = "SafariServices.framework"; path = "System/Library/Frameworks/SafariServices.framework"; sourceTree = SDKROOT; fileEncoding = undefined; lastKnownFileType = wrapper.framework; explicitFileType = undefined; includeInIndex = 0; };
		66BCE62281A94623BD059A40 /* StoreKit.framework */ = {isa = PBXFileReference; name = "StoreKit.framework"; path = "System/Library/Frameworks/StoreKit.framework"; sourceTree = SDKROOT; fileEncoding = undefined; lastKnownFileType = wrapper.framework; explicitFileType = undefined; includeInIndex = 0; };
		9E173253927248399F182DB8 /* SystemConfiguration.framework */ = {isa = PBXFileReference; name = "SystemConfiguration.framework"; path = "System/Library/Frameworks/SystemConfiguration.framework"; sourceTree = SDKROOT; fileEncoding = undefined; lastKnownFileType = wrapper.framework; explicitFileType = undefined; includeInIndex = 0; };
		3EC671D24E4946099A07E8B2 /* UIKit.framework */ = {isa = PBXFileReference; name = "UIKit.framework"; path = "System/Library/Frameworks/UIKit.framework"; sourceTree = SDKROOT; fileEncoding = undefined; lastKnownFileType = wrapper.framework; explicitFileType = undefined; includeInIndex = 0; };
		C0709B065FB64143997523B9 /* AppPreferences.m */ = {isa = PBXFileReference; name = "AppPreferences.m"; path = "cordova-plugin-app-preferences/AppPreferences.m"; sourceTree = "<group>"; fileEncoding = 4; lastKnownFileType = sourcecode.c.objc; explicitFileType = undefined; includeInIndex = 0; };
		A0B3698360994C4F9CCA0CF6 /* AppPreferences.h */ = {isa = PBXFileReference; name = "AppPreferences.h"; path = "cordova-plugin-app-preferences/AppPreferences.h"; sourceTree = "<group>"; fileEncoding = 4; lastKnownFileType = sourcecode.c.h; explicitFileType = undefined; includeInIndex = 0; };
		AA506A2C2A394B258FF16DF1 /* CDVNotification.m */ = {isa = PBXFileReference; name = "CDVNotification.m"; path = "cordova-plugin-dialogs/CDVNotification.m"; sourceTree = "<group>"; fileEncoding = 4; lastKnownFileType = sourcecode.c.objc; explicitFileType = undefined; includeInIndex = 0; };
		6B9AA2E15EC04BB3AC732CEB /* CDVNotification.h */ = {isa = PBXFileReference; name = "CDVNotification.h"; path = "cordova-plugin-dialogs/CDVNotification.h"; sourceTree = "<group>"; fileEncoding = 4; lastKnownFileType = sourcecode.c.h; explicitFileType = undefined; includeInIndex = 0; };
		F28BAD67BF2E4AD38210FF07 /* CDVNotification.bundle */ = {isa = PBXFileReference; name = "CDVNotification.bundle"; path = "CDVNotification.bundle"; sourceTree = "<group>"; fileEncoding = undefined; lastKnownFileType = wrapper.plug-in; explicitFileType = undefined; includeInIndex = 0; };
		FF623483F9F64974A4BDB789 /* CDVGlobalization.m */ = {isa = PBXFileReference; name = "CDVGlobalization.m"; path = "cordova-plugin-globalization/CDVGlobalization.m"; sourceTree = "<group>"; fileEncoding = 4; lastKnownFileType = sourcecode.c.objc; explicitFileType = undefined; includeInIndex = 0; };
		81D3453595774A3FAF60C8CA /* CDVGlobalization.h */ = {isa = PBXFileReference; name = "CDVGlobalization.h"; path = "cordova-plugin-globalization/CDVGlobalization.h"; sourceTree = "<group>"; fileEncoding = 4; lastKnownFileType = sourcecode.c.h; explicitFileType = undefined; includeInIndex = 0; };
		F3602782D1C64A46B7328298 /* CDVInAppBrowser.m */ = {isa = PBXFileReference; name = "CDVInAppBrowser.m"; path = "cordova-plugin-inappbrowser/CDVInAppBrowser.m"; sourceTree = "<group>"; fileEncoding = 4; lastKnownFileType = sourcecode.c.objc; explicitFileType = undefined; includeInIndex = 0; };
		F3DB85615FAE4A59978BFF88 /* CDVInAppBrowser.h */ = {isa = PBXFileReference; name = "CDVInAppBrowser.h"; path = "cordova-plugin-inappbrowser/CDVInAppBrowser.h"; sourceTree = "<group>"; fileEncoding = 4; lastKnownFileType = sourcecode.c.h; explicitFileType = undefined; includeInIndex = 0; };
		C9C03A21D8034FA5A6C87342 /* CDVAppRate.m */ = {isa = PBXFileReference; name = "CDVAppRate.m"; path = "cordova-plugin-apprate/CDVAppRate.m"; sourceTree = "<group>"; fileEncoding = 4; lastKnownFileType = sourcecode.c.objc; explicitFileType = undefined; includeInIndex = 0; };
		2C49FB9255F9467C911D8A01 /* CDVAppRate.h */ = {isa = PBXFileReference; name = "CDVAppRate.h"; path = "cordova-plugin-apprate/CDVAppRate.h"; sourceTree = "<group>"; fileEncoding = 4; lastKnownFileType = sourcecode.c.h; explicitFileType = undefined; includeInIndex = 0; };
		0EC3742692D547478F230839 /* UIImage+CropScaleOrientation.m */ = {isa = PBXFileReference; name = "UIImage+CropScaleOrientation.m"; path = "cordova-plugin-camera/UIImage+CropScaleOrientation.m"; sourceTree = "<group>"; fileEncoding = 4; lastKnownFileType = sourcecode.c.objc; explicitFileType = undefined; includeInIndex = 0; };
		9808F74F215C4459884658F3 /* CDVCamera.m */ = {isa = PBXFileReference; name = "CDVCamera.m"; path = "cordova-plugin-camera/CDVCamera.m"; sourceTree = "<group>"; fileEncoding = 4; lastKnownFileType = sourcecode.c.objc; explicitFileType = undefined; includeInIndex = 0; };
		0122A54A81524DA2A453DDBE /* CDVJpegHeaderWriter.m */ = {isa = PBXFileReference; name = "CDVJpegHeaderWriter.m"; path = "cordova-plugin-camera/CDVJpegHeaderWriter.m"; sourceTree = "<group>"; fileEncoding = 4; lastKnownFileType = sourcecode.c.objc; explicitFileType = undefined; includeInIndex = 0; };
		BDD4845A7DEC4AD5A66971F5 /* UIImage+CropScaleOrientation.h */ = {isa = PBXFileReference; name = "UIImage+CropScaleOrientation.h"; path = "cordova-plugin-camera/UIImage+CropScaleOrientation.h"; sourceTree = "<group>"; fileEncoding = 4; lastKnownFileType = sourcecode.c.h; explicitFileType = undefined; includeInIndex = 0; };
		0414078C137646C199D57BC9 /* CDVCamera.h */ = {isa = PBXFileReference; name = "CDVCamera.h"; path = "cordova-plugin-camera/CDVCamera.h"; sourceTree = "<group>"; fileEncoding = 4; lastKnownFileType = sourcecode.c.h; explicitFileType = undefined; includeInIndex = 0; };
		F8F9880F869B4BF6B0DDF4D3 /* CDVJpegHeaderWriter.h */ = {isa = PBXFileReference; name = "CDVJpegHeaderWriter.h"; path = "cordova-plugin-camera/CDVJpegHeaderWriter.h"; sourceTree = "<group>"; fileEncoding = 4; lastKnownFileType = sourcecode.c.h; explicitFileType = undefined; includeInIndex = 0; };
		28AF47DFFF794D7F9B1DF793 /* CDVExif.h */ = {isa = PBXFileReference; name = "CDVExif.h"; path = "cordova-plugin-camera/CDVExif.h"; sourceTree = "<group>"; fileEncoding = 4; lastKnownFileType = sourcecode.c.h; explicitFileType = undefined; includeInIndex = 0; };
		CEA0F05270B24F3CAEBB3AA9 /* ImageIO.framework */ = {isa = PBXFileReference; name = "ImageIO.framework"; path = "System/Library/Frameworks/ImageIO.framework"; sourceTree = SDKROOT; fileEncoding = undefined; lastKnownFileType = wrapper.framework; explicitFileType = undefined; includeInIndex = 0; };
		38D48FE2391245538142987F /* CDVLogger.m */ = {isa = PBXFileReference; name = "CDVLogger.m"; path = "cordova-plugin-console/CDVLogger.m"; sourceTree = "<group>"; fileEncoding = 4; lastKnownFileType = sourcecode.c.objc; explicitFileType = undefined; includeInIndex = 0; };
		B8C3562DA4EB40E4B50A9B84 /* CDVLogger.h */ = {isa = PBXFileReference; name = "CDVLogger.h"; path = "cordova-plugin-console/CDVLogger.h"; sourceTree = "<group>"; fileEncoding = 4; lastKnownFileType = sourcecode.c.h; explicitFileType = undefined; includeInIndex = 0; };
		A20C9D71E21943AEB665C78F /* CDVDevice.m */ = {isa = PBXFileReference; name = "CDVDevice.m"; path = "cordova-plugin-device/CDVDevice.m"; sourceTree = "<group>"; fileEncoding = 4; lastKnownFileType = sourcecode.c.objc; explicitFileType = undefined; includeInIndex = 0; };
		0EAE8608B8B6426F8DE9CBB3 /* CDVDevice.h */ = {isa = PBXFileReference; name = "CDVDevice.h"; path = "cordova-plugin-device/CDVDevice.h"; sourceTree = "<group>"; fileEncoding = 4; lastKnownFileType = sourcecode.c.h; explicitFileType = undefined; includeInIndex = 0; };
		5A33DE4F5AC540FAA50D883D /* APPEmailComposer.m */ = {isa = PBXFileReference; name = "APPEmailComposer.m"; path = "cordova-plugin-email-composer/APPEmailComposer.m"; sourceTree = "<group>"; fileEncoding = 4; lastKnownFileType = sourcecode.c.objc; explicitFileType = undefined; includeInIndex = 0; };
		FC0B409325D749C39A86F463 /* APPEmailComposerImpl.m */ = {isa = PBXFileReference; name = "APPEmailComposerImpl.m"; path = "cordova-plugin-email-composer/APPEmailComposerImpl.m"; sourceTree = "<group>"; fileEncoding = 4; lastKnownFileType = sourcecode.c.objc; explicitFileType = undefined; includeInIndex = 0; };
		43A1FA9901244A46B1895489 /* APPEmailComposer.h */ = {isa = PBXFileReference; name = "APPEmailComposer.h"; path = "cordova-plugin-email-composer/APPEmailComposer.h"; sourceTree = "<group>"; fileEncoding = 4; lastKnownFileType = sourcecode.c.h; explicitFileType = undefined; includeInIndex = 0; };
		AD993E718BE844EC88E87654 /* APPEmailComposerImpl.h */ = {isa = PBXFileReference; name = "APPEmailComposerImpl.h"; path = "cordova-plugin-email-composer/APPEmailComposerImpl.h"; sourceTree = "<group>"; fileEncoding = 4; lastKnownFileType = sourcecode.c.h; explicitFileType = undefined; includeInIndex = 0; };
		7B7FB7E544054D878F2A7685 /* CDVFile.m */ = {isa = PBXFileReference; name = "CDVFile.m"; path = "cordova-plugin-file/CDVFile.m"; sourceTree = "<group>"; fileEncoding = 4; lastKnownFileType = sourcecode.c.objc; explicitFileType = undefined; includeInIndex = 0; };
		70A944352CF24655BD16B09B /* CDVLocalFilesystem.m */ = {isa = PBXFileReference; name = "CDVLocalFilesystem.m"; path = "cordova-plugin-file/CDVLocalFilesystem.m"; sourceTree = "<group>"; fileEncoding = 4; lastKnownFileType = sourcecode.c.objc; explicitFileType = undefined; includeInIndex = 0; };
		264F9DF1B0754215B19222B0 /* CDVAssetLibraryFilesystem.m */ = {isa = PBXFileReference; name = "CDVAssetLibraryFilesystem.m"; path = "cordova-plugin-file/CDVAssetLibraryFilesystem.m"; sourceTree = "<group>"; fileEncoding = 4; lastKnownFileType = sourcecode.c.objc; explicitFileType = undefined; includeInIndex = 0; };
		E975C815CD7B48959D17D1D3 /* CDVFile.h */ = {isa = PBXFileReference; name = "CDVFile.h"; path = "cordova-plugin-file/CDVFile.h"; sourceTree = "<group>"; fileEncoding = 4; lastKnownFileType = sourcecode.c.h; explicitFileType = undefined; includeInIndex = 0; };
		52C309D1D2494DFFA3F2A851 /* CDVLocalFilesystem.h */ = {isa = PBXFileReference; name = "CDVLocalFilesystem.h"; path = "cordova-plugin-file/CDVLocalFilesystem.h"; sourceTree = "<group>"; fileEncoding = 4; lastKnownFileType = sourcecode.c.h; explicitFileType = undefined; includeInIndex = 0; };
		AF2CF1209E1448B3986758BD /* CDVAssetLibraryFilesystem.h */ = {isa = PBXFileReference; name = "CDVAssetLibraryFilesystem.h"; path = "cordova-plugin-file/CDVAssetLibraryFilesystem.h"; sourceTree = "<group>"; fileEncoding = 4; lastKnownFileType = sourcecode.c.h; explicitFileType = undefined; includeInIndex = 0; };
		40948C85246C4BFB9BFC92C4 /* SOSPicker.m */ = {isa = PBXFileReference; name = "SOSPicker.m"; path = "cordova-plugin-image-picker/SOSPicker.m"; sourceTree = "<group>"; fileEncoding = 4; lastKnownFileType = sourcecode.c.objc; explicitFileType = undefined; includeInIndex = 0; };
		8190090E0FF341AB93071B50 /* ELCAlbumPickerController.m */ = {isa = PBXFileReference; name = "ELCAlbumPickerController.m"; path = "cordova-plugin-image-picker/ELCAlbumPickerController.m"; sourceTree = "<group>"; fileEncoding = 4; lastKnownFileType = sourcecode.c.objc; explicitFileType = undefined; includeInIndex = 0; };
		ECB30888B27343B7ABF686D0 /* ELCAsset.m */ = {isa = PBXFileReference; name = "ELCAsset.m"; path = "cordova-plugin-image-picker/ELCAsset.m"; sourceTree = "<group>"; fileEncoding = 4; lastKnownFileType = sourcecode.c.objc; explicitFileType = undefined; includeInIndex = 0; };
		9140BF786D9B498BAF64E29C /* ELCAssetCell.m */ = {isa = PBXFileReference; name = "ELCAssetCell.m"; path = "cordova-plugin-image-picker/ELCAssetCell.m"; sourceTree = "<group>"; fileEncoding = 4; lastKnownFileType = sourcecode.c.objc; explicitFileType = undefined; includeInIndex = 0; };
		255A47A14D084E8EBF5B24A4 /* ELCAssetTablePicker.m */ = {isa = PBXFileReference; name = "ELCAssetTablePicker.m"; path = "cordova-plugin-image-picker/ELCAssetTablePicker.m"; sourceTree = "<group>"; fileEncoding = 4; lastKnownFileType = sourcecode.c.objc; explicitFileType = undefined; includeInIndex = 0; };
		43059C02B9AC48FE8F57586D /* ELCImagePickerController.m */ = {isa = PBXFileReference; name = "ELCImagePickerController.m"; path = "cordova-plugin-image-picker/ELCImagePickerController.m"; sourceTree = "<group>"; fileEncoding = 4; lastKnownFileType = sourcecode.c.objc; explicitFileType = undefined; includeInIndex = 0; };
		F8F0EE9C4B554241AE0D5687 /* SOSPicker.h */ = {isa = PBXFileReference; name = "SOSPicker.h"; path = "cordova-plugin-image-picker/SOSPicker.h"; sourceTree = "<group>"; fileEncoding = 4; lastKnownFileType = sourcecode.c.h; explicitFileType = undefined; includeInIndex = 0; };
		3A93EA34BBE747368059BC5A /* ELCAlbumPickerController.h */ = {isa = PBXFileReference; name = "ELCAlbumPickerController.h"; path = "cordova-plugin-image-picker/ELCAlbumPickerController.h"; sourceTree = "<group>"; fileEncoding = 4; lastKnownFileType = sourcecode.c.h; explicitFileType = undefined; includeInIndex = 0; };
		4815566F2FFA476D8E811E69 /* ELCAsset.h */ = {isa = PBXFileReference; name = "ELCAsset.h"; path = "cordova-plugin-image-picker/ELCAsset.h"; sourceTree = "<group>"; fileEncoding = 4; lastKnownFileType = sourcecode.c.h; explicitFileType = undefined; includeInIndex = 0; };
		571C7200D7634D4A900C2D76 /* ELCAssetCell.h */ = {isa = PBXFileReference; name = "ELCAssetCell.h"; path = "cordova-plugin-image-picker/ELCAssetCell.h"; sourceTree = "<group>"; fileEncoding = 4; lastKnownFileType = sourcecode.c.h; explicitFileType = undefined; includeInIndex = 0; };
		D41F6ED9BFA64CADADD99B89 /* ELCAssetPickerFilterDelegate.h */ = {isa = PBXFileReference; name = "ELCAssetPickerFilterDelegate.h"; path = "cordova-plugin-image-picker/ELCAssetPickerFilterDelegate.h"; sourceTree = "<group>"; fileEncoding = 4; lastKnownFileType = sourcecode.c.h; explicitFileType = undefined; includeInIndex = 0; };
		FF237EB77B0443CD9F88C5AA /* ELCAssetSelectionDelegate.h */ = {isa = PBXFileReference; name = "ELCAssetSelectionDelegate.h"; path = "cordova-plugin-image-picker/ELCAssetSelectionDelegate.h"; sourceTree = "<group>"; fileEncoding = 4; lastKnownFileType = sourcecode.c.h; explicitFileType = undefined; includeInIndex = 0; };
		B7E2EC436D9947F2A4BA3426 /* ELCAssetTablePicker.h */ = {isa = PBXFileReference; name = "ELCAssetTablePicker.h"; path = "cordova-plugin-image-picker/ELCAssetTablePicker.h"; sourceTree = "<group>"; fileEncoding = 4; lastKnownFileType = sourcecode.c.h; explicitFileType = undefined; includeInIndex = 0; };
		ACB9416870E94E8C92C0F781 /* ELCImagePickerController.h */ = {isa = PBXFileReference; name = "ELCImagePickerController.h"; path = "cordova-plugin-image-picker/ELCImagePickerController.h"; sourceTree = "<group>"; fileEncoding = 4; lastKnownFileType = sourcecode.c.h; explicitFileType = undefined; includeInIndex = 0; };
		79AFE175FB1A450688281ED7 /* ELCAlbumPickerController.xib */ = {isa = PBXFileReference; name = "ELCAlbumPickerController.xib"; path = "ELCAlbumPickerController.xib"; sourceTree = "<group>"; fileEncoding = undefined; lastKnownFileType = file.xib; explicitFileType = undefined; includeInIndex = 0; };
		2FCC567593FB4E55B76D60AA /* ELCAssetPicker.xib */ = {isa = PBXFileReference; name = "ELCAssetPicker.xib"; path = "ELCAssetPicker.xib"; sourceTree = "<group>"; fileEncoding = undefined; lastKnownFileType = file.xib; explicitFileType = undefined; includeInIndex = 0; };
		8037BE4552E646C8817C9110 /* ELCAssetTablePicker.xib */ = {isa = PBXFileReference; name = "ELCAssetTablePicker.xib"; path = "ELCAssetTablePicker.xib"; sourceTree = "<group>"; fileEncoding = undefined; lastKnownFileType = file.xib; explicitFileType = undefined; includeInIndex = 0; };
		3B4BE752C0EE4E199B455F14 /* Overlay.png */ = {isa = PBXFileReference; name = "Overlay.png"; path = "Overlay.png"; sourceTree = "<group>"; fileEncoding = undefined; lastKnownFileType = unknown; explicitFileType = undefined; includeInIndex = 0; };
		D2C3A0EFE32B41F79428CD5C /* Overlay@2x.png */ = {isa = PBXFileReference; name = "Overlay@2x.png"; path = "Overlay@2x.png"; sourceTree = "<group>"; fileEncoding = undefined; lastKnownFileType = unknown; explicitFileType = undefined; includeInIndex = 0; };
		F99AB54D2353490BBD351F36 /* InstagramAssetsPicker.m */ = {isa = PBXFileReference; name = "InstagramAssetsPicker.m"; path = "cordova-plugin-instagram-assets-picker/InstagramAssetsPicker.m"; sourceTree = "<group>"; fileEncoding = 4; lastKnownFileType = sourcecode.c.objc; explicitFileType = undefined; includeInIndex = 0; };
		B63097D492B64DC4BC53E963 /* IGAssetsCollectionViewCell.m */ = {isa = PBXFileReference; name = "IGAssetsCollectionViewCell.m"; path = "cordova-plugin-instagram-assets-picker/IGAssetsCollectionViewCell.m"; sourceTree = "<group>"; fileEncoding = 4; lastKnownFileType = sourcecode.c.objc; explicitFileType = undefined; includeInIndex = 0; };
		18DF7A510F774B90B40FC9A9 /* IGAssetsPickerViewController.m */ = {isa = PBXFileReference; name = "IGAssetsPickerViewController.m"; path = "cordova-plugin-instagram-assets-picker/IGAssetsPickerViewController.m"; sourceTree = "<group>"; fileEncoding = 4; lastKnownFileType = sourcecode.c.objc; explicitFileType = undefined; includeInIndex = 0; };
		42886A108E76425FBDD704E8 /* IGCropView.m */ = {isa = PBXFileReference; name = "IGCropView.m"; path = "cordova-plugin-instagram-assets-picker/IGCropView.m"; sourceTree = "<group>"; fileEncoding = 4; lastKnownFileType = sourcecode.c.objc; explicitFileType = undefined; includeInIndex = 0; };
		A2E47361CDCF4557A5527FBF /* libGPUImage.a */ = {isa = PBXFileReference; name = "libGPUImage.a"; path = "Gifin/Plugins/cordova-plugin-instagram-assets-picker/libGPUImage.a"; sourceTree = "<group>"; fileEncoding = undefined; lastKnownFileType = archive.ar; explicitFileType = undefined; includeInIndex = 0; };
		6C6E86400A08454F85898042 /* InstagramAssetsPicker.h */ = {isa = PBXFileReference; name = "InstagramAssetsPicker.h"; path = "cordova-plugin-instagram-assets-picker/InstagramAssetsPicker.h"; sourceTree = "<group>"; fileEncoding = 4; lastKnownFileType = sourcecode.c.h; explicitFileType = undefined; includeInIndex = 0; };
		34A36576DF1246829E23A660 /* IGAssetsCollectionViewCell.h */ = {isa = PBXFileReference; name = "IGAssetsCollectionViewCell.h"; path = "cordova-plugin-instagram-assets-picker/IGAssetsCollectionViewCell.h"; sourceTree = "<group>"; fileEncoding = 4; lastKnownFileType = sourcecode.c.h; explicitFileType = undefined; includeInIndex = 0; };
		EEB98C54A5734257AB357CB6 /* IGAssetsPicker.h */ = {isa = PBXFileReference; name = "IGAssetsPicker.h"; path = "cordova-plugin-instagram-assets-picker/IGAssetsPicker.h"; sourceTree = "<group>"; fileEncoding = 4; lastKnownFileType = sourcecode.c.h; explicitFileType = undefined; includeInIndex = 0; };
		59B9EDEDC92B4E57A683BD37 /* IGAssetsPickerViewController.h */ = {isa = PBXFileReference; name = "IGAssetsPickerViewController.h"; path = "cordova-plugin-instagram-assets-picker/IGAssetsPickerViewController.h"; sourceTree = "<group>"; fileEncoding = 4; lastKnownFileType = sourcecode.c.h; explicitFileType = undefined; includeInIndex = 0; };
		6294D904CA6640CDAA94063E /* IGCropView.h */ = {isa = PBXFileReference; name = "IGCropView.h"; path = "cordova-plugin-instagram-assets-picker/IGCropView.h"; sourceTree = "<group>"; fileEncoding = 4; lastKnownFileType = sourcecode.c.h; explicitFileType = undefined; includeInIndex = 0; };
		26F29736D29847D28B5EFCA0 /* InstagramAssetsPicker.bundle */ = {isa = PBXFileReference; name = "InstagramAssetsPicker.bundle"; path = "InstagramAssetsPicker.bundle"; sourceTree = "<group>"; fileEncoding = undefined; lastKnownFileType = wrapper.plug-in; explicitFileType = undefined; includeInIndex = 0; };
		C0365140C3834D769F21EA39 /* Photos.framework */ = {isa = PBXFileReference; name = "Photos.framework"; path = "System/Library/Frameworks/Photos.framework"; sourceTree = SDKROOT; fileEncoding = undefined; lastKnownFileType = wrapper.framework; explicitFileType = undefined; includeInIndex = 0; };
		09360F51785E486E91151782 /* CoreMedia.framework */ = {isa = PBXFileReference; name = "CoreMedia.framework"; path = "System/Library/Frameworks/CoreMedia.framework"; sourceTree = SDKROOT; fileEncoding = undefined; lastKnownFileType = wrapper.framework; explicitFileType = undefined; includeInIndex = 0; };
		255ADE1DBA054425A7A4195D /* OpenGLES.framework */ = {isa = PBXFileReference; name = "OpenGLES.framework"; path = "System/Library/Frameworks/OpenGLES.framework"; sourceTree = SDKROOT; fileEncoding = undefined; lastKnownFileType = wrapper.framework; explicitFileType = undefined; includeInIndex = 0; };
		2FD1AAAEC51F46F19358F77A /* GPUImageHeaders */ = {isa = PBXFileReference; name = "GPUImageHeaders"; path = "Gifin/Plugins/cordova-plugin-instagram-assets-picker/GPUImageHeaders"; sourceTree = "<group>"; fileEncoding = undefined; lastKnownFileType = unknown; explicitFileType = undefined; includeInIndex = 0; };
		7F3D86820D124B009E3CDD6A /* CDVCapture.m */ = {isa = PBXFileReference; name = "CDVCapture.m"; path = "cordova-plugin-media-capture/CDVCapture.m"; sourceTree = "<group>"; fileEncoding = 4; lastKnownFileType = sourcecode.c.objc; explicitFileType = undefined; includeInIndex = 0; };
		6D19FBE14294479AA18CD7D4 /* CDVCapture.h */ = {isa = PBXFileReference; name = "CDVCapture.h"; path = "cordova-plugin-media-capture/CDVCapture.h"; sourceTree = "<group>"; fileEncoding = 4; lastKnownFileType = sourcecode.c.h; explicitFileType = undefined; includeInIndex = 0; };
		3A3B19284CFB4B3E8099B659 /* CDVCapture.bundle */ = {isa = PBXFileReference; name = "CDVCapture.bundle"; path = "CDVCapture.bundle"; sourceTree = "<group>"; fileEncoding = undefined; lastKnownFileType = wrapper.plug-in; explicitFileType = undefined; includeInIndex = 0; };
		7BE0B045FC7A412CB68D25A3 /* VideoEditor.m */ = {isa = PBXFileReference; name = "VideoEditor.m"; path = "cordova-plugin-video-editor/VideoEditor.m"; sourceTree = "<group>"; fileEncoding = 4; lastKnownFileType = sourcecode.c.objc; explicitFileType = undefined; includeInIndex = 0; };
		561A7734A68F47259E2499C7 /* SDAVAssetExportSession.m */ = {isa = PBXFileReference; name = "SDAVAssetExportSession.m"; path = "cordova-plugin-video-editor/SDAVAssetExportSession.m"; sourceTree = "<group>"; fileEncoding = 4; lastKnownFileType = sourcecode.c.objc; explicitFileType = undefined; includeInIndex = 0; };
		DA3E749E19854657AFA6511A /* VideoEditor.h */ = {isa = PBXFileReference; name = "VideoEditor.h"; path = "cordova-plugin-video-editor/VideoEditor.h"; sourceTree = "<group>"; fileEncoding = 4; lastKnownFileType = sourcecode.c.h; explicitFileType = undefined; includeInIndex = 0; };
		4F894D6BAD6849D3BF0E548C /* SDAVAssetExportSession.h */ = {isa = PBXFileReference; name = "SDAVAssetExportSession.h"; path = "cordova-plugin-video-editor/SDAVAssetExportSession.h"; sourceTree = "<group>"; fileEncoding = 4; lastKnownFileType = sourcecode.c.h; explicitFileType = undefined; includeInIndex = 0; };
		EBCE65009C174C67AAF1EE41 /* CoreVideo.framework */ = {isa = PBXFileReference; name = "CoreVideo.framework"; path = "System/Library/Frameworks/CoreVideo.framework"; sourceTree = SDKROOT; fileEncoding = undefined; lastKnownFileType = wrapper.framework; explicitFileType = undefined; includeInIndex = 0; };
		345BB6E053574225B589B5FC /* NSString+URLEncoding.m */ = {isa = PBXFileReference; name = "NSString+URLEncoding.m"; path = "cordova-plugin-x-socialsharing/NSString+URLEncoding.m"; sourceTree = "<group>"; fileEncoding = 4; lastKnownFileType = sourcecode.c.objc; explicitFileType = undefined; includeInIndex = 0; };
		0B956B1AAC734E5D8A63FC05 /* SocialSharing.m */ = {isa = PBXFileReference; name = "SocialSharing.m"; path = "cordova-plugin-x-socialsharing/SocialSharing.m"; sourceTree = "<group>"; fileEncoding = 4; lastKnownFileType = sourcecode.c.objc; explicitFileType = undefined; includeInIndex = 0; };
		FF0327A2FFA444FA9BF30702 /* NSString+URLEncoding.h */ = {isa = PBXFileReference; name = "NSString+URLEncoding.h"; path = "cordova-plugin-x-socialsharing/NSString+URLEncoding.h"; sourceTree = "<group>"; fileEncoding = 4; lastKnownFileType = sourcecode.c.h; explicitFileType = undefined; includeInIndex = 0; };
		C30756DF18F34258A3CE7B69 /* SocialSharing.h */ = {isa = PBXFileReference; name = "SocialSharing.h"; path = "cordova-plugin-x-socialsharing/SocialSharing.h"; sourceTree = "<group>"; fileEncoding = 4; lastKnownFileType = sourcecode.c.h; explicitFileType = undefined; includeInIndex = 0; };
		155A5435515343F2BAC82231 /* Social.framework */ = {isa = PBXFileReference; name = "Social.framework"; path = "System/Library/Frameworks/Social.framework"; sourceTree = SDKROOT; fileEncoding = undefined; lastKnownFileType = wrapper.framework; explicitFileType = undefined; includeInIndex = 0; };
		057F1D740292441A97AF88ED /* IonicKeyboard.m */ = {isa = PBXFileReference; name = "IonicKeyboard.m"; path = "ionic-plugin-keyboard/IonicKeyboard.m"; sourceTree = "<group>"; fileEncoding = 4; lastKnownFileType = sourcecode.c.objc; explicitFileType = undefined; includeInIndex = 0; };
		A8CADA98D5914DAB8E62D465 /* IonicKeyboard.h */ = {isa = PBXFileReference; name = "IonicKeyboard.h"; path = "ionic-plugin-keyboard/IonicKeyboard.h"; sourceTree = "<group>"; fileEncoding = 4; lastKnownFileType = sourcecode.c.h; explicitFileType = undefined; includeInIndex = 0; };
		5CA53ABEF8EF4A60A3A964C5 /* Settings.bundle */ = {isa = PBXFileReference; lastKnownFileType = "wrapper.plug-in"; name = "Settings.bundle"; path = "Settings.bundle"; sourceTree = SOURCE_ROOT; };
/* End PBXFileReference section */

/* Begin PBXFrameworksBuildPhase section */
		1D60588F0D05DD3D006BFB54 /* Frameworks */ = {
			isa = PBXFrameworksBuildPhase;
			buildActionMask = 2147483647;
			files = (
				301BF552109A68D80062928A /* libCordova.a in Frameworks */,
				1270AA7779C2471990ADFB83 /* libCordovaGenericAd.a in Frameworks */,
				A21774279B5B4F3A93B1F6D0 /* CFNetwork.framework in Frameworks */,
				57AA4F7147BC46E793B6D3C3 /* GoogleMobileAds.framework in Frameworks */,
				6BCB3919BB85409BBD5A6AC2 /* AdSupport.framework in Frameworks */,
				56EF0A9E3E754E7897D45D85 /* AudioToolbox.framework in Frameworks */,
				4F68E039A8994CDF92BB1B4E /* AVFoundation.framework in Frameworks */,
				855CD9E94E14447C8B41B619 /* CoreBluetooth.framework in Frameworks */,
				7D8465C7F9F349F78AE382D6 /* CoreLocation.framework in Frameworks */,
				0C83F9225066449F840A8D08 /* CoreTelephony.framework in Frameworks */,
				E8E87DF73BCD4407BB0D51B8 /* EventKit.framework in Frameworks */,
				CED5E63C0A604F6987A6FE5B /* EventKitUI.framework in Frameworks */,
				66449AC4A6A6493AAA9D2B39 /* Foundation.framework in Frameworks */,
				B846D6706B1C4B46B0D9D1E4 /* MediaPlayer.framework in Frameworks */,
				6BC56407983A4CDAAC72CBC0 /* MessageUI.framework in Frameworks */,
				7DE81C28787C4E5A82E917C8 /* QuartzCore.framework in Frameworks */,
				D9A80971FF114A9BA89D1215 /* SafariServices.framework in Frameworks */,
				42165C13E9DA41E5B95FC657 /* StoreKit.framework in Frameworks */,
				AC2D26C3988841DC952B24D2 /* SystemConfiguration.framework in Frameworks */,
				ADFD51FAFA984CA99217542D /* UIKit.framework in Frameworks */,
				2F0FA387A1504F4193EB584E /* ImageIO.framework in Frameworks */,
				AD8092D946434B33B18189F9 /* libGPUImage.a in Frameworks */,
				68D70E7DE8DD4389AD7F35E2 /* Photos.framework in Frameworks */,
				28079E1DA0E5471590C6600E /* CoreMedia.framework in Frameworks */,
				2108BE16CC344D048D786086 /* OpenGLES.framework in Frameworks */,
				33AD24DA4238431D88C1CF43 /* GPUImageHeaders in Resources */,
				5CE9D203D2AA4D5380FC88FF /* CoreVideo.framework in Frameworks */,
				03CD3A2F8C7F48F2A5DEF847 /* Social.framework in Frameworks */,
			);
			runOnlyForDeploymentPostprocessing = 0;
		};
/* End PBXFrameworksBuildPhase section */

/* Begin PBXGroup section */
		080E96DDFE201D6D7F000001 /* Classes */ = {
			isa = PBXGroup;
			children = (
				302D95EE14D2391D003F00A1 /* MainViewController.h */,
				302D95EF14D2391D003F00A1 /* MainViewController.m */,
				302D95F014D2391D003F00A1 /* MainViewController.xib */,
				1D3623240D0F684500981E51 /* AppDelegate.h */,
				1D3623250D0F684500981E51 /* AppDelegate.m */,
			);
			name = Classes;
			path = "Gifin/Classes";
			sourceTree = SOURCE_ROOT;
		};
		19C28FACFE9D520D11CA2CBB /* Products */ = {
			isa = PBXGroup;
			children = (
				1D6058910D05DD3D006BFB54 /* Gifin.app */,
			);
			name = Products;
			sourceTree = "<group>";
		};
		29B97314FDCFA39411CA2CEA /* CustomTemplate */ = {
			isa = PBXGroup;
			children = (
				EB87FDF41871DAF40020F90C /* config.xml */,
				EB87FDF31871DA8E0020F90C /* www */,
				EB87FDF11871DA420020F90C /* Staging */,
				301BF52D109A57CC0062928A /* CordovaLib.xcodeproj */,
				080E96DDFE201D6D7F000001 /* Classes */,
				307C750510C5A3420062BCA9 /* Plugins */,
				29B97315FDCFA39411CA2CEA /* Other Sources */,
				29B97317FDCFA39411CA2CEA /* Resources */,
				29B97323FDCFA39411CA2CEA /* Frameworks */,
				19C28FACFE9D520D11CA2CBB /* Products */,
			);
			name = CustomTemplate;
			sourceTree = "<group>";
		};
		29B97315FDCFA39411CA2CEA /* Other Sources */ = {
			isa = PBXGroup;
			children = (
				32CA4F630368D1EE00C91783 /* Gifin-Prefix.pch */,
				29B97316FDCFA39411CA2CEA /* main.m */,
				ED33DF2A687741AEAF9F8254 /* Bridging-Header.h */,
			);
			name = "Other Sources";
			path = "Gifin";
			sourceTree = "<group>";
		};
		29B97317FDCFA39411CA2CEA /* Resources */ = {
			isa = PBXGroup;
			children = (
				0207DA571B56EA530066E2B4 /* Images.xcassets */,
				3047A50E1AB8057F00498E2A /* config */,
				8D1107310486CEB800E47090 /* Gifin-Info.plist */,
				F28BAD67BF2E4AD38210FF07 /* CDVNotification.bundle */,
				79AFE175FB1A450688281ED7 /* ELCAlbumPickerController.xib */,
				2FCC567593FB4E55B76D60AA /* ELCAssetPicker.xib */,
				8037BE4552E646C8817C9110 /* ELCAssetTablePicker.xib */,
				3B4BE752C0EE4E199B455F14 /* Overlay.png */,
				D2C3A0EFE32B41F79428CD5C /* Overlay@2x.png */,
				26F29736D29847D28B5EFCA0 /* InstagramAssetsPicker.bundle */,
				3A3B19284CFB4B3E8099B659 /* CDVCapture.bundle */,
				5CA53ABEF8EF4A60A3A964C5 /* Settings.bundle */,
			);
			name = Resources;
			path = "Gifin/Resources";
			sourceTree = "<group>";
		};
		29B97323FDCFA39411CA2CEA /* Frameworks */ = {
			isa = PBXGroup;
			children = (
				9BDBD36C6B6449769ACA0997 /* libCordovaGenericAd.a */,
				AEEDE68D4BDA482B96C95EB6 /* CFNetwork.framework */,
				A21B0EAF87BA40069BEFC534 /* GoogleMobileAds.framework */,
				79C81AE16BFD409BAA16D4A0 /* AdSupport.framework */,
				74B105432AF646C2ADD75306 /* AudioToolbox.framework */,
				FDCB2589E669465EAD1651BB /* AVFoundation.framework */,
				8EC3F7B5FD514192A1640961 /* CoreBluetooth.framework */,
				AAE28489712E4925BD67DDA4 /* CoreLocation.framework */,
				8E28123EE29844C49DA768E8 /* CoreTelephony.framework */,
				BA2957ED89EB4E6EB1320DF4 /* EventKit.framework */,
				4E3198984C664EC1ADBE1A75 /* EventKitUI.framework */,
				179FC65BCDF247E8B8E5711F /* Foundation.framework */,
				67CF5BD31183468B9C041D73 /* MediaPlayer.framework */,
				513C926123F54940BF300596 /* MessageUI.framework */,
				55C8A67FAA4C4478BAF3AAF9 /* QuartzCore.framework */,
				073C59DD3511493D9D285BDF /* SafariServices.framework */,
				66BCE62281A94623BD059A40 /* StoreKit.framework */,
				9E173253927248399F182DB8 /* SystemConfiguration.framework */,
				3EC671D24E4946099A07E8B2 /* UIKit.framework */,
				CEA0F05270B24F3CAEBB3AA9 /* ImageIO.framework */,
				A2E47361CDCF4557A5527FBF /* libGPUImage.a */,
				C0365140C3834D769F21EA39 /* Photos.framework */,
				09360F51785E486E91151782 /* CoreMedia.framework */,
				255ADE1DBA054425A7A4195D /* OpenGLES.framework */,
				2FD1AAAEC51F46F19358F77A /* GPUImageHeaders */,
				EBCE65009C174C67AAF1EE41 /* CoreVideo.framework */,
				155A5435515343F2BAC82231 /* Social.framework */,
			);
			name = Frameworks;
			sourceTree = "<group>";
		};
		301BF52E109A57CC0062928A /* Products */ = {
			isa = PBXGroup;
			children = (
				301BF535109A57CC0062928A /* libCordova.a */,
			);
			name = Products;
			sourceTree = "<group>";
		};
		3047A50E1AB8057F00498E2A /* config */ = {
			isa = PBXGroup;
			children = (
				3047A50F1AB8059700498E2A /* build-debug.xcconfig */,
				3047A5101AB8059700498E2A /* build-release.xcconfig */,
				3047A5111AB8059700498E2A /* build.xcconfig */,
			);
			name = config;
			sourceTree = "<group>";
		};
		307C750510C5A3420062BCA9 /* Plugins */ = {
			isa = PBXGroup;
			children = (
				7D008596A04C4F4A9B6BD30A /* CDVPluginExt.m */,
				2DDD59E693104F55BFF56127 /* PluginAdapterDelegate.h */,
				2C8CE2944014423990331D5E /* CDVPluginExt.h */,
				D197E9C890BA4975B3D5D516 /* GenericAdPlugin.h */,
				255B9DEE51714D8BAE7D1F5B /* CDVAdMobPlugin.m */,
				73409B5C38B341C98F5808E6 /* AdMobMediation.m */,
				7360580F8117437E8764796D /* CDVAdMobPlugin.h */,
				D986243FB6AA465DA0A2AB4D /* AdMobMediation.h */,
				C0709B065FB64143997523B9 /* AppPreferences.m */,
				A0B3698360994C4F9CCA0CF6 /* AppPreferences.h */,
				AA506A2C2A394B258FF16DF1 /* CDVNotification.m */,
				6B9AA2E15EC04BB3AC732CEB /* CDVNotification.h */,
				FF623483F9F64974A4BDB789 /* CDVGlobalization.m */,
				81D3453595774A3FAF60C8CA /* CDVGlobalization.h */,
				F3602782D1C64A46B7328298 /* CDVInAppBrowser.m */,
				F3DB85615FAE4A59978BFF88 /* CDVInAppBrowser.h */,
				C9C03A21D8034FA5A6C87342 /* CDVAppRate.m */,
				2C49FB9255F9467C911D8A01 /* CDVAppRate.h */,
				0EC3742692D547478F230839 /* UIImage+CropScaleOrientation.m */,
				9808F74F215C4459884658F3 /* CDVCamera.m */,
				0122A54A81524DA2A453DDBE /* CDVJpegHeaderWriter.m */,
				BDD4845A7DEC4AD5A66971F5 /* UIImage+CropScaleOrientation.h */,
				0414078C137646C199D57BC9 /* CDVCamera.h */,
				F8F9880F869B4BF6B0DDF4D3 /* CDVJpegHeaderWriter.h */,
				28AF47DFFF794D7F9B1DF793 /* CDVExif.h */,
				38D48FE2391245538142987F /* CDVLogger.m */,
				B8C3562DA4EB40E4B50A9B84 /* CDVLogger.h */,
				A20C9D71E21943AEB665C78F /* CDVDevice.m */,
				0EAE8608B8B6426F8DE9CBB3 /* CDVDevice.h */,
				5A33DE4F5AC540FAA50D883D /* APPEmailComposer.m */,
				FC0B409325D749C39A86F463 /* APPEmailComposerImpl.m */,
				43A1FA9901244A46B1895489 /* APPEmailComposer.h */,
				AD993E718BE844EC88E87654 /* APPEmailComposerImpl.h */,
				7B7FB7E544054D878F2A7685 /* CDVFile.m */,
				70A944352CF24655BD16B09B /* CDVLocalFilesystem.m */,
				264F9DF1B0754215B19222B0 /* CDVAssetLibraryFilesystem.m */,
				E975C815CD7B48959D17D1D3 /* CDVFile.h */,
				52C309D1D2494DFFA3F2A851 /* CDVLocalFilesystem.h */,
				AF2CF1209E1448B3986758BD /* CDVAssetLibraryFilesystem.h */,
				40948C85246C4BFB9BFC92C4 /* SOSPicker.m */,
				8190090E0FF341AB93071B50 /* ELCAlbumPickerController.m */,
				ECB30888B27343B7ABF686D0 /* ELCAsset.m */,
				9140BF786D9B498BAF64E29C /* ELCAssetCell.m */,
				255A47A14D084E8EBF5B24A4 /* ELCAssetTablePicker.m */,
				43059C02B9AC48FE8F57586D /* ELCImagePickerController.m */,
				F8F0EE9C4B554241AE0D5687 /* SOSPicker.h */,
				3A93EA34BBE747368059BC5A /* ELCAlbumPickerController.h */,
				4815566F2FFA476D8E811E69 /* ELCAsset.h */,
				571C7200D7634D4A900C2D76 /* ELCAssetCell.h */,
				D41F6ED9BFA64CADADD99B89 /* ELCAssetPickerFilterDelegate.h */,
				FF237EB77B0443CD9F88C5AA /* ELCAssetSelectionDelegate.h */,
				B7E2EC436D9947F2A4BA3426 /* ELCAssetTablePicker.h */,
				ACB9416870E94E8C92C0F781 /* ELCImagePickerController.h */,
				F99AB54D2353490BBD351F36 /* InstagramAssetsPicker.m */,
				B63097D492B64DC4BC53E963 /* IGAssetsCollectionViewCell.m */,
				18DF7A510F774B90B40FC9A9 /* IGAssetsPickerViewController.m */,
				42886A108E76425FBDD704E8 /* IGCropView.m */,
				6C6E86400A08454F85898042 /* InstagramAssetsPicker.h */,
				34A36576DF1246829E23A660 /* IGAssetsCollectionViewCell.h */,
				EEB98C54A5734257AB357CB6 /* IGAssetsPicker.h */,
				59B9EDEDC92B4E57A683BD37 /* IGAssetsPickerViewController.h */,
				6294D904CA6640CDAA94063E /* IGCropView.h */,
				7F3D86820D124B009E3CDD6A /* CDVCapture.m */,
				6D19FBE14294479AA18CD7D4 /* CDVCapture.h */,
				7BE0B045FC7A412CB68D25A3 /* VideoEditor.m */,
				561A7734A68F47259E2499C7 /* SDAVAssetExportSession.m */,
				DA3E749E19854657AFA6511A /* VideoEditor.h */,
				4F894D6BAD6849D3BF0E548C /* SDAVAssetExportSession.h */,
				345BB6E053574225B589B5FC /* NSString+URLEncoding.m */,
				0B956B1AAC734E5D8A63FC05 /* SocialSharing.m */,
				FF0327A2FFA444FA9BF30702 /* NSString+URLEncoding.h */,
				C30756DF18F34258A3CE7B69 /* SocialSharing.h */,
				057F1D740292441A97AF88ED /* IonicKeyboard.m */,
				A8CADA98D5914DAB8E62D465 /* IonicKeyboard.h */,
			);
			name = Plugins;
			path = "Gifin/Plugins";
			sourceTree = SOURCE_ROOT;
		};
		EB87FDF11871DA420020F90C /* Staging */ = {
			isa = PBXGroup;
			children = (
				F840E1F0165FE0F500CFE078 /* config.xml */,
				301BF56E109A69640062928A /* www */,
			);
			name = Staging;
			sourceTree = "<group>";
		};
/* End PBXGroup section */

/* Begin PBXNativeTarget section */
		1D6058900D05DD3D006BFB54 /* Gifin */ = {
			isa = PBXNativeTarget;
			buildConfigurationList = 1D6058960D05DD3E006BFB54 /* Build configuration list for PBXNativeTarget "Gifin" */;
			buildPhases = (
				304B58A110DAC018002A0835 /* Copy www directory */,
				1D60588D0D05DD3D006BFB54 /* Resources */,
				1D60588E0D05DD3D006BFB54 /* Sources */,
				1D60588F0D05DD3D006BFB54 /* Frameworks */,
			);
			buildRules = (
			);
			dependencies = (
				301BF551109A68C00062928A /* PBXTargetDependency */,
			);
			name = "Gifin";
			productName = "Gifin";
			productReference = 1D6058910D05DD3D006BFB54 /* Gifin.app */;
			productType = "com.apple.product-type.application";
		};
/* End PBXNativeTarget section */

/* Begin PBXProject section */
		29B97313FDCFA39411CA2CEA /* Project object */ = {
			isa = PBXProject;
			attributes = {
				LastUpgradeCheck = 510;
			};
			buildConfigurationList = C01FCF4E08A954540054247B /* Build configuration list for PBXProject "__NON-CLI__" */;
			compatibilityVersion = "Xcode 3.2";
			developmentRegion = English;
			hasScannedForEncodings = 1;
			mainGroup = 29B97314FDCFA39411CA2CEA /* CustomTemplate */;
			projectDirPath = "";
			projectReferences = (
				{
					ProductGroup = 301BF52E109A57CC0062928A /* Products */;
					ProjectRef = 301BF52D109A57CC0062928A /* CordovaLib.xcodeproj */;
				},
			);
			projectRoot = "";
			targets = (
				1D6058900D05DD3D006BFB54 /* Gifin */,
			);
		};
/* End PBXProject section */

/* Begin PBXReferenceProxy section */
		301BF535109A57CC0062928A /* libCordova.a */ = {
			isa = PBXReferenceProxy;
			fileType = archive.ar;
			path = libCordova.a;
			remoteRef = 301BF534109A57CC0062928A /* PBXContainerItemProxy */;
			sourceTree = BUILT_PRODUCTS_DIR;
		};
/* End PBXReferenceProxy section */

/* Begin PBXResourcesBuildPhase section */
		1D60588D0D05DD3D006BFB54 /* Resources */ = {
			isa = PBXResourcesBuildPhase;
			buildActionMask = 2147483647;
			files = (
				302D95F214D2391D003F00A1 /* MainViewController.xib in Resources */,
				3047A5131AB8059700498E2A /* build-release.xcconfig in Resources */,
				3047A5141AB8059700498E2A /* build.xcconfig in Resources */,
				0207DA581B56EA530066E2B4 /* Images.xcassets in Resources */,
				3047A5121AB8059700498E2A /* build-debug.xcconfig in Resources */,
				E3A9BABC54F24000A2C0FBCB /* CDVNotification.bundle in Resources */,
				8775D32B08E4407CA033BC4D /* ELCAlbumPickerController.xib in Resources */,
				F8C6E48DDE4E48C0BBAB798E /* ELCAssetPicker.xib in Resources */,
				35FCE9AE49E0470390417B9A /* ELCAssetTablePicker.xib in Resources */,
				62AC644E48064BE8BBEACA56 /* Overlay.png in Resources */,
				31A553A7B628492AAEBE06DC /* Overlay@2x.png in Resources */,
				27C7363DFD1B48CE996E654B /* InstagramAssetsPicker.bundle in Resources */,
				A7D607A081324DC2816B7E81 /* CDVCapture.bundle in Resources */,
				98BD2304EEE245E885E720F2 /* Settings.bundle in Resources */,
			);
			runOnlyForDeploymentPostprocessing = 0;
		};
/* End PBXResourcesBuildPhase section */

/* Begin PBXShellScriptBuildPhase section */
		304B58A110DAC018002A0835 /* Copy www directory */ = {
			isa = PBXShellScriptBuildPhase;
			buildActionMask = 2147483647;
			files = (
			);
			inputPaths = (
			);
			name = "Copy www directory";
			outputPaths = (
			);
			runOnlyForDeploymentPostprocessing = 0;
			shellPath = /bin/sh;
			shellScript = "NODEJS_PATH=/usr/local/bin; NVM_NODE_PATH=~/.nvm/versions/node/`nvm version 2>/dev/null`/bin; N_NODE_PATH=`find /usr/local/n/versions/node/* -maxdepth 0 -type d 2>/dev/null | tail -1`/bin; XCODE_NODE_PATH=`xcode-select --print-path`/usr/share/xcs/Node/bin; PATH=$NODEJS_PATH:$NVM_NODE_PATH:$N_NODE_PATH:$XCODE_NODE_PATH:$PATH && node cordova/lib/copy-www-build-step.js";
			showEnvVarsInLog = 0;
		};
/* End PBXShellScriptBuildPhase section */

/* Begin PBXSourcesBuildPhase section */
		1D60588E0D05DD3D006BFB54 /* Sources */ = {
			isa = PBXSourcesBuildPhase;
			buildActionMask = 2147483647;
			files = (
				1D60589B0D05DD56006BFB54 /* main.m in Sources */,
				1D3623260D0F684500981E51 /* AppDelegate.m in Sources */,
				302D95F114D2391D003F00A1 /* MainViewController.m in Sources */,
				852D3456ABFA4CC890BC57E1 /* CDVPluginExt.m in Sources */,
				D30BCD397CF644FD8D1C109E /* CDVAdMobPlugin.m in Sources */,
				19B5C0D3ABA74849B459606F /* AdMobMediation.m in Sources */,
				FF890F74B7A247158D940D0C /* AppPreferences.m in Sources */,
				4B4E27EC4915488F85200603 /* CDVNotification.m in Sources */,
				E7304572955D4BA79CDD2D11 /* CDVGlobalization.m in Sources */,
				75445B0A5534421EBC21EFE8 /* CDVInAppBrowser.m in Sources */,
				1B3E5C12A7FF4AA0B1FFF47D /* CDVAppRate.m in Sources */,
				FABDADB4317D49B8A842F799 /* UIImage+CropScaleOrientation.m in Sources */,
				C7F50D311DCB4D91A1BD502E /* CDVCamera.m in Sources */,
				51E74E29458C445BBF732F58 /* CDVJpegHeaderWriter.m in Sources */,
				4D53FCC7BB31456C93793CDF /* CDVLogger.m in Sources */,
				841A6163BA8A4DFDB4F14922 /* CDVDevice.m in Sources */,
				D2AE5042DED847DCAA96E97D /* APPEmailComposer.m in Sources */,
				966D734C0D8A4426B097706D /* APPEmailComposerImpl.m in Sources */,
				7FF76C594C534929951ADF56 /* CDVFile.m in Sources */,
				1ED737E0B22D4CF684E45833 /* CDVLocalFilesystem.m in Sources */,
				F118B372E0704E91B76219A3 /* CDVAssetLibraryFilesystem.m in Sources */,
				6CA22068427F4BE39CE20930 /* SOSPicker.m in Sources */,
				49A3EFEED170472CB04DEFCC /* ELCAlbumPickerController.m in Sources */,
				68115690442C440695D4E835 /* ELCAsset.m in Sources */,
				4DF07E9999304004A101EA99 /* ELCAssetCell.m in Sources */,
				4A2C74576A9C48AEA481FA7A /* ELCAssetTablePicker.m in Sources */,
				DFD754CE8D8D47EB9136F7E5 /* ELCImagePickerController.m in Sources */,
				CEAAF8473BCC4AC7A9F9C224 /* InstagramAssetsPicker.m in Sources */,
				275A358297B241698D318F94 /* IGAssetsCollectionViewCell.m in Sources */,
				CB09EFC899AB47808AF23DA9 /* IGAssetsPickerViewController.m in Sources */,
				04459E23EDD04832968A6D57 /* IGCropView.m in Sources */,
				3B548316FE834A6F84A72F10 /* CDVCapture.m in Sources */,
				8980A53ABD8646479C2F35CA /* VideoEditor.m in Sources */,
				214417AFDDC14930B3A148E5 /* SDAVAssetExportSession.m in Sources */,
				3380518D7D4B4DA3840F8DFD /* NSString+URLEncoding.m in Sources */,
				63655CA3379F4BCFBB6286EC /* SocialSharing.m in Sources */,
				8E69B0D20CB544D0B2EBACB8 /* IonicKeyboard.m in Sources */,
			);
			runOnlyForDeploymentPostprocessing = 0;
		};
/* End PBXSourcesBuildPhase section */

/* Begin PBXTargetDependency section */
		301BF551109A68C00062928A /* PBXTargetDependency */ = {
			isa = PBXTargetDependency;
			name = CordovaLib;
			targetProxy = 301BF550109A68C00062928A /* PBXContainerItemProxy */;
		};
/* End PBXTargetDependency section */

/* Begin XCBuildConfiguration section */
		1D6058940D05DD3E006BFB54 /* Debug */ = {
			isa = XCBuildConfiguration;
			baseConfigurationReference = 3047A50F1AB8059700498E2A /* build-debug.xcconfig */;
			buildSettings = {
				ALWAYS_SEARCH_USER_PATHS = NO;
				ASSETCATALOG_COMPILER_APPICON_NAME = AppIcon;
				ASSETCATALOG_COMPILER_LAUNCHIMAGE_NAME = LaunchImage;
				CLANG_ENABLE_MODULES = YES;
				CLANG_ENABLE_OBJC_ARC = YES;
				COPY_PHASE_STRIP = NO;
				GCC_DYNAMIC_NO_PIC = NO;
				GCC_OPTIMIZATION_LEVEL = 0;
				GCC_PRECOMPILE_PREFIX_HEADER = YES;
				GCC_PREFIX_HEADER = "Gifin/Gifin-Prefix.pch";
				GCC_THUMB_SUPPORT = NO;
				GCC_VERSION = "";
				INFOPLIST_FILE = "Gifin/Gifin-Info.plist";
				LD_RUNPATH_SEARCH_PATHS = "@executable_path/Frameworks";
				PRODUCT_NAME = "Gifin";
				LIBRARY_SEARCH_PATHS = (
					"$(inherited)",
					"\"$(SRCROOT)/Gifin/Plugins/cordova-plugin-extension\"",
					"\"$(SRCROOT)/Gifin/Plugins/cordova-plugin-instagram-assets-picker\"",
				);
				FRAMEWORK_SEARCH_PATHS = (
					"$(inherited)",
					"\"Gifin/Plugins/cordova-plugin-admobpro\"",
					"\"Gifin/Plugins/cordova-plugin-instagram-assets-picker\"",
				);
			};
			name = Debug;
		};
		1D6058950D05DD3E006BFB54 /* Release */ = {
			isa = XCBuildConfiguration;
			baseConfigurationReference = 3047A5101AB8059700498E2A /* build-release.xcconfig */;
			buildSettings = {
				ALWAYS_SEARCH_USER_PATHS = NO;
				ASSETCATALOG_COMPILER_APPICON_NAME = AppIcon;
				ASSETCATALOG_COMPILER_LAUNCHIMAGE_NAME = LaunchImage;
				CLANG_ENABLE_MODULES = YES;
				CLANG_ENABLE_OBJC_ARC = YES;
				COPY_PHASE_STRIP = YES;
				GCC_PRECOMPILE_PREFIX_HEADER = YES;
				GCC_PREFIX_HEADER = "Gifin/Gifin-Prefix.pch";
				GCC_THUMB_SUPPORT = NO;
				GCC_VERSION = "";
				INFOPLIST_FILE = "Gifin/Gifin-Info.plist";
				PRODUCT_NAME = "Gifin";
				LIBRARY_SEARCH_PATHS = (
					"$(inherited)",
					"\"$(SRCROOT)/Gifin/Plugins/cordova-plugin-extension\"",
					"\"$(SRCROOT)/Gifin/Plugins/cordova-plugin-instagram-assets-picker\"",
				);
				FRAMEWORK_SEARCH_PATHS = (
					"$(inherited)",
					"\"Gifin/Plugins/cordova-plugin-admobpro\"",
					"\"Gifin/Plugins/cordova-plugin-instagram-assets-picker\"",
				);
			};
			name = Release;
		};
		C01FCF4F08A954540054247B /* Debug */ = {
			isa = XCBuildConfiguration;
			baseConfigurationReference = 3047A5111AB8059700498E2A /* build.xcconfig */;
			buildSettings = {
				CLANG_ENABLE_MODULES = YES;
				CLANG_ENABLE_OBJC_ARC = YES;
				CLANG_WARN_BOOL_CONVERSION = YES;
				CLANG_WARN_CONSTANT_CONVERSION = YES;
				CLANG_WARN_EMPTY_BODY = YES;
				CLANG_WARN_ENUM_CONVERSION = YES;
				CLANG_WARN_INT_CONVERSION = YES;
				CLANG_WARN__DUPLICATE_METHOD_MATCH = YES;
				GCC_C_LANGUAGE_STANDARD = c99;
				GCC_THUMB_SUPPORT = NO;
				GCC_VERSION = "";
				GCC_WARN_ABOUT_RETURN_TYPE = YES;
				GCC_WARN_UNDECLARED_SELECTOR = YES;
				GCC_WARN_UNINITIALIZED_AUTOS = YES;
				GCC_WARN_UNUSED_FUNCTION = YES;
				GCC_WARN_UNUSED_VARIABLE = YES;
				ONLY_ACTIVE_ARCH = YES;
				SDKROOT = iphoneos;
				SKIP_INSTALL = NO;
			};
			name = Debug;
		};
		C01FCF5008A954540054247B /* Release */ = {
			isa = XCBuildConfiguration;
			baseConfigurationReference = 3047A5111AB8059700498E2A /* build.xcconfig */;
			buildSettings = {
				CLANG_ENABLE_MODULES = YES;
				CLANG_ENABLE_OBJC_ARC = YES;
				CLANG_WARN_BOOL_CONVERSION = YES;
				CLANG_WARN_CONSTANT_CONVERSION = YES;
				CLANG_WARN_EMPTY_BODY = YES;
				CLANG_WARN_ENUM_CONVERSION = YES;
				CLANG_WARN_INT_CONVERSION = YES;
				CLANG_WARN__DUPLICATE_METHOD_MATCH = YES;
				GCC_C_LANGUAGE_STANDARD = c99;
				GCC_THUMB_SUPPORT = NO;
				GCC_VERSION = "";
				GCC_WARN_ABOUT_RETURN_TYPE = YES;
				GCC_WARN_UNDECLARED_SELECTOR = YES;
				GCC_WARN_UNINITIALIZED_AUTOS = YES;
				GCC_WARN_UNUSED_FUNCTION = YES;
				GCC_WARN_UNUSED_VARIABLE = YES;
				SDKROOT = iphoneos;
				SKIP_INSTALL = NO;
			};
			name = Release;
		};
/* End XCBuildConfiguration section */

/* Begin XCConfigurationList section */
		1D6058960D05DD3E006BFB54 /* Build configuration list for PBXNativeTarget "Gifin" */ = {
			isa = XCConfigurationList;
			buildConfigurations = (
				1D6058940D05DD3E006BFB54 /* Debug */,
				1D6058950D05DD3E006BFB54 /* Release */,
			);
			defaultConfigurationIsVisible = 0;
			defaultConfigurationName = Release;
		};
		C01FCF4E08A954540054247B /* Build configuration list for PBXProject "__NON-CLI__" */ = {
			isa = XCConfigurationList;
			buildConfigurations = (
				C01FCF4F08A954540054247B /* Debug */,
				C01FCF5008A954540054247B /* Release */,
			);
			defaultConfigurationIsVisible = 0;
			defaultConfigurationName = Release;
		};
/* End XCConfigurationList section */
	};
	rootObject = 29B97313FDCFA39411CA2CEA /* Project object */;
}
